
Microsoft Visual Studio Solution File, Format Version 12.00
# Visual Studio Version 17
VisualStudioVersion = 17.8.34408.163
MinimumVisualStudioVersion = 10.0.40219.1
Project("{2150E333-8FDC-42A3-9474-1A3956D46DE8}") = "3-Services", "3-Services", "{AF0D3E82-9211-4073-B9E4-F9A85B13D0D9}"
EndProject
Project("{9A19103F-16F7-4668-BE54-9A1E7A4F7556}") = "PuppyMapper.PowerFX.Service", "3-Services\PuppyMapper.PowerFX.Service\PuppyMapper.PowerFX.Service.csproj", "{F3D17494-1F45-497C-83AA-8ED8B12BB331}"
EndProject
Project("{2150E333-8FDC-42A3-9474-1A3956D46DE8}") = "7-Tests", "7-Tests", "{22C8B347-95A7-4675-95A2-4DD81906D1A8}"
EndProject
Project("{9A19103F-16F7-4668-BE54-9A1E7A4F7556}") = "PuppyMapper.PowerFX.Tests", "7-Tests\PuppyMapper.PowerFX.Tests\PuppyMapper.PowerFX.Tests.csproj", "{5F27C93F-8802-4310-9AB3-023F901E6471}"
EndProject
Project("{2150E333-8FDC-42A3-9474-1A3956D46DE8}") = "0-external", "0-external", "{E81020A7-E3E6-4538-90BF-66C38591B0E1}"
EndProject
Project("{2150E333-8FDC-42A3-9474-1A3956D46DE8}") = "5-Presentation", "5-Presentation", "{B23A432A-4ED2-4C7C-8FD7-FB8B8413C9A3}"
EndProject
Project("{FAE04EC0-301F-11D3-BF4B-00C04F79EFBC}") = "PuppyMapper.ViewModels", "5-Presentation\PuppyMapper.ViewModels\PuppyMapper.ViewModels.csproj", "{B2032CBA-67F2-4DD7-AFAA-A50B1581966D}"
EndProject
Project("{FAE04EC0-301F-11D3-BF4B-00C04F79EFBC}") = "PuppyMapper.WinUI3.App", "5-Presentation\PuppyMapper.WinUI3.App\PuppyMapper.WinUI3.App.csproj", "{68D0DEC5-5C0B-4190-9479-7E8061C8C4F1}"
EndProject
Project("{FAE04EC0-301F-11D3-BF4B-00C04F79EFBC}") = "PuppyMapper.AvaloniaApp", "5-Presentation\PuppyMapper.AvaloniaApp\PuppyMapper.AvaloniaApp.csproj", "{FD989696-1C27-A2F7-A14D-E209B2AE25BC}"
EndProject
Project("{FAE04EC0-301F-11D3-BF4B-00C04F79EFBC}") = "PuppyMapper.IntegrationProviders", "3-Services\PuppyMapper.IntegrationProviders\PuppyMapper.IntegrationProviders.csproj", "{1961E0DB-0550-4A39-974B-F3A4DD247140}"
EndProject
Global
	GlobalSection(SolutionConfigurationPlatforms) = preSolution
		Debug|Any CPU = Debug|Any CPU
		Release|Any CPU = Release|Any CPU
	EndGlobalSection
	GlobalSection(ProjectConfigurationPlatforms) = postSolution
		{F3D17494-1F45-497C-83AA-8ED8B12BB331}.Debug|Any CPU.ActiveCfg = Debug|Any CPU
		{F3D17494-1F45-497C-83AA-8ED8B12BB331}.Debug|Any CPU.Build.0 = Debug|Any CPU
		{F3D17494-1F45-497C-83AA-8ED8B12BB331}.Release|Any CPU.ActiveCfg = Release|Any CPU
		{F3D17494-1F45-497C-83AA-8ED8B12BB331}.Release|Any CPU.Build.0 = Release|Any CPU
		{5F27C93F-8802-4310-9AB3-023F901E6471}.Debug|Any CPU.ActiveCfg = Debug|Any CPU
		{5F27C93F-8802-4310-9AB3-023F901E6471}.Debug|Any CPU.Build.0 = Debug|Any CPU
		{5F27C93F-8802-4310-9AB3-023F901E6471}.Release|Any CPU.ActiveCfg = Release|Any CPU
		{5F27C93F-8802-4310-9AB3-023F901E6471}.Release|Any CPU.Build.0 = Release|Any CPU
		{B2032CBA-67F2-4DD7-AFAA-A50B1581966D}.Debug|Any CPU.ActiveCfg = Debug|Any CPU
		{B2032CBA-67F2-4DD7-AFAA-A50B1581966D}.Debug|Any CPU.Build.0 = Debug|Any CPU
		{B2032CBA-67F2-4DD7-AFAA-A50B1581966D}.Release|Any CPU.ActiveCfg = Release|Any CPU
		{B2032CBA-67F2-4DD7-AFAA-A50B1581966D}.Release|Any CPU.Build.0 = Release|Any CPU
		{68D0DEC5-5C0B-4190-9479-7E8061C8C4F1}.Debug|Any CPU.ActiveCfg = Debug|x64
		{68D0DEC5-5C0B-4190-9479-7E8061C8C4F1}.Debug|Any CPU.Build.0 = Debug|x64
		{68D0DEC5-5C0B-4190-9479-7E8061C8C4F1}.Debug|Any CPU.Deploy.0 = Debug|x64
		{68D0DEC5-5C0B-4190-9479-7E8061C8C4F1}.Release|Any CPU.ActiveCfg = Release|x64
		{68D0DEC5-5C0B-4190-9479-7E8061C8C4F1}.Release|Any CPU.Build.0 = Release|x64
		{68D0DEC5-5C0B-4190-9479-7E8061C8C4F1}.Release|Any CPU.Deploy.0 = Release|x64
		{FD989696-1C27-A2F7-A14D-E209B2AE25BC}.Debug|Any CPU.ActiveCfg = Debug|Any CPU
		{FD989696-1C27-A2F7-A14D-E209B2AE25BC}.Debug|Any CPU.Build.0 = Debug|Any CPU
		{FD989696-1C27-A2F7-A14D-E209B2AE25BC}.Release|Any CPU.ActiveCfg = Release|Any CPU
		{FD989696-1C27-A2F7-A14D-E209B2AE25BC}.Release|Any CPU.Build.0 = Release|Any CPU
		{1961E0DB-0550-4A39-974B-F3A4DD247140}.Debug|Any CPU.ActiveCfg = Debug|Any CPU
		{1961E0DB-0550-4A39-974B-F3A4DD247140}.Debug|Any CPU.Build.0 = Debug|Any CPU
		{1961E0DB-0550-4A39-974B-F3A4DD247140}.Release|Any CPU.ActiveCfg = Release|Any CPU
		{1961E0DB-0550-4A39-974B-F3A4DD247140}.Release|Any CPU.Build.0 = Release|Any CPU
	EndGlobalSection
	GlobalSection(SolutionProperties) = preSolution
		HideSolutionNode = FALSE
	EndGlobalSection
	GlobalSection(NestedProjects) = preSolution
		{F3D17494-1F45-497C-83AA-8ED8B12BB331} = {AF0D3E82-9211-4073-B9E4-F9A85B13D0D9}
		{5F27C93F-8802-4310-9AB3-023F901E6471} = {22C8B347-95A7-4675-95A2-4DD81906D1A8}
		{B2032CBA-67F2-4DD7-AFAA-A50B1581966D} = {B23A432A-4ED2-4C7C-8FD7-FB8B8413C9A3}
		{68D0DEC5-5C0B-4190-9479-7E8061C8C4F1} = {B23A432A-4ED2-4C7C-8FD7-FB8B8413C9A3}
		{FD989696-1C27-A2F7-A14D-E209B2AE25BC} = {B23A432A-4ED2-4C7C-8FD7-FB8B8413C9A3}
		{1961E0DB-0550-4A39-974B-F3A4DD247140} = {AF0D3E82-9211-4073-B9E4-F9A85B13D0D9}
	EndGlobalSection
	GlobalSection(ExtensibilityGlobals) = postSolution
		SolutionGuid = {7D8EE198-9496-4342-A730-D71AF39D43A6}
	EndGlobalSection
EndGlobal
